{
  "version": 4,
  "terraform_version": "1.4.0",
  "serial": 14,
  "lineage": "819d6974-bd62-1f12-c528-8407f8a9ea8b",
  "outputs": {
    "jenkins_url": {
      "value": "http://34.148.141.157:8080",
      "type": "string"
    }
  },
  "resources": [
    {
      "mode": "managed",
      "type": "google_compute_firewall",
      "name": "allow_http",
      "provider": "provider[\"registry.terraform.io/hashicorp/google\"]",
      "instances": [
        {
          "schema_version": 1,
          "attributes": {
            "allow": [
              {
                "ports": [
                  "80"
                ],
                "protocol": "tcp"
              }
            ],
            "creation_timestamp": "2023-03-19T21:57:36.109-07:00",
            "deny": [],
            "description": "",
            "destination_ranges": [],
            "direction": "INGRESS",
            "disabled": false,
            "enable_logging": null,
            "id": "projects/pelagic-firefly-342817/global/firewalls/allow-http",
            "log_config": [],
            "name": "allow-http",
            "network": "https://www.googleapis.com/compute/v1/projects/pelagic-firefly-342817/global/networks/default",
            "priority": 1000,
            "project": "pelagic-firefly-342817",
            "self_link": "https://www.googleapis.com/compute/v1/projects/pelagic-firefly-342817/global/firewalls/allow-http",
            "source_ranges": [
              "0.0.0.0/0"
            ],
            "source_service_accounts": null,
            "source_tags": null,
            "target_service_accounts": null,
            "target_tags": null,
            "timeouts": null
          },
          "sensitive_attributes": [],
          "private": "eyJlMmJmYjczMC1lY2FhLTExZTYtOGY4OC0zNDM2M2JjN2M0YzAiOnsiY3JlYXRlIjoxMjAwMDAwMDAwMDAwLCJkZWxldGUiOjEyMDAwMDAwMDAwMDAsInVwZGF0ZSI6MTIwMDAwMDAwMDAwMH0sInNjaGVtYV92ZXJzaW9uIjoiMSJ9"
        }
      ]
    },
    {
      "mode": "managed",
      "type": "google_compute_instance",
      "name": "vm_instance",
      "provider": "provider[\"registry.terraform.io/hashicorp/google\"]",
      "instances": [
        {
          "schema_version": 6,
          "attributes": {
            "advanced_machine_features": [],
            "allow_stopping_for_update": null,
            "attached_disk": [],
            "boot_disk": [
              {
                "auto_delete": true,
                "device_name": "persistent-disk-0",
                "disk_encryption_key_raw": "",
                "disk_encryption_key_sha256": "",
                "initialize_params": [
                  {
                    "image": "https://www.googleapis.com/compute/v1/projects/debian-cloud/global/images/debian-10-buster-v20230306",
                    "labels": {},
                    "size": 10,
                    "type": "pd-standard"
                  }
                ],
                "kms_key_self_link": "",
                "mode": "READ_WRITE",
                "source": "https://www.googleapis.com/compute/v1/projects/pelagic-firefly-342817/zones/us-east1-b/disks/trf-serv-sp-ap"
              }
            ],
            "can_ip_forward": false,
            "confidential_instance_config": [],
            "cpu_platform": "Intel Haswell",
            "current_status": "RUNNING",
            "deletion_protection": false,
            "description": "",
            "desired_status": null,
            "enable_display": false,
            "guest_accelerator": [],
            "hostname": "",
            "id": "projects/pelagic-firefly-342817/zones/us-east1-b/instances/trf-serv-sp-ap",
            "instance_id": "5670241184798890287",
            "label_fingerprint": "42WmSpB8rSM=",
            "labels": null,
            "machine_type": "n1-standard-1",
            "metadata": {
              "ssh-keys": "ssh-rsa AAAAB3NzaC1yc2EAAAADAQABAAABgQDYFdktT9P/WCPHQRwhSxYf3DkouZqm0K6fv5SKrkhha6g8fDSqKQGb2fZyeXI7qQQQ08QMTIQV6tw+QuKnIe3DyNQblI3/GeoowC2VXG9Swpok0Ru7HR5AWUI8WfIj87Ug5DAoV1gsU1lMEJeGoBtNhgoafGXxsu6oaFSoFohjx0q8b5y2l1jUEipQpWBLHiPLbYrfLGPDUn1uQfk4QDsoUeBFsa2+gd/SQmzOs8AWENSdrCFh7eB1qbjlHHCn1Ll7eDxiaItnSwD8af0aBS1X5kDVjR9BDsliVWC97W61X5JkUNTcifukw6eo1z2zAVni73pF7M11Voexnx/rGL2qZlZGS2XLKvvEZDfJ7i5JXdfX0UxnQOzM/eQBX3aQV3HtnSHm0MlVm8IOmjIeLu+u+ZjVv6XDCUxARNqOLaKEnCR01nKKQhx0Te/Moz+rLG6qzP9wiiz5+h9irJPCG6oYFNvGUfanhT8qBTHstFqxtlO7uNXFTP36R2DzT0HbQ0c= yojan@ENDYPC"
            },
            "metadata_fingerprint": "PjIMmAsHhYY=",
            "metadata_startup_script": "sudo apt-get update \u0026\u0026 sudo apt-get install -y docker.io git openjdk-8-jdk \u0026\u0026 wget -q -O - https://pkg.jenkins.io/debian-stable/jenkins.io.key | sudo apt-key add - \u0026\u0026 echo deb https://pkg.jenkins.io/debian-stable binary/ | sudo tee /etc/apt/sources.list.d/jenkins.list \u0026\u0026 sudo apt-get update \u0026\u0026 sudo apt-get install -y jenkins \u0026\u0026 sudo systemctl start jenkins \u0026\u0026 sudo systemctl enable jenkins \u0026\u0026 sudo chmod 777 /var/run/docker.sock \u0026\u0026 sudo usermod -aG docker jenkins \u0026\u0026 sudo systemctl restart jenkins \u0026\u0026 sudo curl -L \"https://github.com/docker/compose/releases/download/1.29.2/docker-compose-$(uname -s)-$(uname -m)\" -o /usr/local/bin/docker-compose \u0026\u0026 sudo chmod +x /usr/local/bin/docker-compose",
            "min_cpu_platform": "",
            "name": "trf-serv-sp-ap",
            "network_interface": [
              {
                "access_config": [
                  {
                    "nat_ip": "34.148.141.157",
                    "network_tier": "PREMIUM",
                    "public_ptr_domain_name": ""
                  }
                ],
                "alias_ip_range": [],
                "ipv6_access_config": [],
                "ipv6_access_type": "",
                "name": "nic0",
                "network": "https://www.googleapis.com/compute/v1/projects/pelagic-firefly-342817/global/networks/default",
                "network_ip": "10.142.0.4",
                "nic_type": "",
                "queue_count": 0,
                "stack_type": "IPV4_ONLY",
                "subnetwork": "https://www.googleapis.com/compute/v1/projects/pelagic-firefly-342817/regions/us-east1/subnetworks/default",
                "subnetwork_project": "pelagic-firefly-342817"
              }
            ],
            "project": "pelagic-firefly-342817",
            "reservation_affinity": [],
            "resource_policies": null,
            "scheduling": [
              {
                "automatic_restart": true,
                "instance_termination_action": "",
                "min_node_cpus": 0,
                "node_affinities": [],
                "on_host_maintenance": "MIGRATE",
                "preemptible": false,
                "provisioning_model": "STANDARD"
              }
            ],
            "scratch_disk": [],
            "self_link": "https://www.googleapis.com/compute/v1/projects/pelagic-firefly-342817/zones/us-east1-b/instances/trf-serv-sp-ap",
            "service_account": [],
            "shielded_instance_config": [
              {
                "enable_integrity_monitoring": true,
                "enable_secure_boot": false,
                "enable_vtpm": true
              }
            ],
            "tags": null,
            "tags_fingerprint": "42WmSpB8rSM=",
            "timeouts": null,
            "zone": "us-east1-b"
          },
          "sensitive_attributes": [],
          "private": "eyJlMmJmYjczMC1lY2FhLTExZTYtOGY4OC0zNDM2M2JjN2M0YzAiOnsiY3JlYXRlIjoxMjAwMDAwMDAwMDAwLCJkZWxldGUiOjEyMDAwMDAwMDAwMDAsInVwZGF0ZSI6MTIwMDAwMDAwMDAwMH0sInNjaGVtYV92ZXJzaW9uIjoiNiJ9"
        }
      ]
    }
  ],
  "check_results": null
}
